
Microsoft Visual Studio Solution File, Format Version 12.00
# Visual Studio 15
VisualStudioVersion = 15.0.28307.572
MinimumVisualStudioVersion = 10.0.40219.1
Project("{FAE04EC0-301F-11D3-BF4B-00C04F79EFBC}") = "ProductivityMacrosWebResources", "Client\ProductivityMacrosWebResources.csproj", "{8BE01C28-FF42-41F6-AA6B-6A0FC9AD64F1}"
EndProject
Project("{FAE04EC0-301F-11D3-BF4B-00C04F79EFBC}") = "ProductivityMacrosSolution", "Solution\ProductivityMacrosSolution.csproj", "{4366FFE6-15A7-462D-B812-BDB8AECFAC8B}"
EndProject
Project("{9092AA53-FB77-4645-B42D-1CCCA6BD08BD}") = "flowDesignerControl", "Controls\MacroDesigner\flowDesignerControl.njsproj", "{4087A27A-8FEA-457D-8080-DEC306F13126}"
EndProject
Project("{FAE04EC0-301F-11D3-BF4B-00C04F79EFBC}") = "ProductivityMacrosPVS", "PVSPackage\ProductivityMacrosPVS.csproj", "{DC45C0FA-83DE-404E-AC8F-DD4311FCD7A8}"
EndProject
Global
	GlobalSection(SolutionConfigurationPlatforms) = preSolution
		Debug|amd64 = Debug|amd64
		Debug|Any CPU = Debug|Any CPU
		Release|amd64 = Release|amd64
		Release|Any CPU = Release|Any CPU
		retail|amd64 = retail|amd64
		retail|Any CPU = retail|Any CPU
	EndGlobalSection
	GlobalSection(ProjectConfigurationPlatforms) = postSolution
		{8BE01C28-FF42-41F6-AA6B-6A0FC9AD64F1}.Debug|amd64.ActiveCfg = debug|amd64
		{8BE01C28-FF42-41F6-AA6B-6A0FC9AD64F1}.Debug|amd64.Build.0 = debug|amd64
		{8BE01C28-FF42-41F6-AA6B-6A0FC9AD64F1}.Debug|Any CPU.ActiveCfg = Debug|Any CPU
		{8BE01C28-FF42-41F6-AA6B-6A0FC9AD64F1}.Debug|Any CPU.Build.0 = Debug|Any CPU
		{8BE01C28-FF42-41F6-AA6B-6A0FC9AD64F1}.Release|amd64.ActiveCfg = release|amd64
		{8BE01C28-FF42-41F6-AA6B-6A0FC9AD64F1}.Release|amd64.Build.0 = release|amd64
		{8BE01C28-FF42-41F6-AA6B-6A0FC9AD64F1}.Release|Any CPU.ActiveCfg = Release|Any CPU
		{8BE01C28-FF42-41F6-AA6B-6A0FC9AD64F1}.Release|Any CPU.Build.0 = Release|Any CPU
		{8BE01C28-FF42-41F6-AA6B-6A0FC9AD64F1}.retail|amd64.ActiveCfg = retail|amd64
		{8BE01C28-FF42-41F6-AA6B-6A0FC9AD64F1}.retail|amd64.Build.0 = retail|amd64
		{8BE01C28-FF42-41F6-AA6B-6A0FC9AD64F1}.retail|Any CPU.ActiveCfg = retail|Any CPU
		{8BE01C28-FF42-41F6-AA6B-6A0FC9AD64F1}.retail|Any CPU.Build.0 = retail|Any CPU
		{4366FFE6-15A7-462D-B812-BDB8AECFAC8B}.Debug|amd64.ActiveCfg = debug|amd64
		{4366FFE6-15A7-462D-B812-BDB8AECFAC8B}.Debug|amd64.Build.0 = debug|amd64
		{4366FFE6-15A7-462D-B812-BDB8AECFAC8B}.Debug|Any CPU.ActiveCfg = Debug|Any CPU
		{4366FFE6-15A7-462D-B812-BDB8AECFAC8B}.Debug|Any CPU.Build.0 = Debug|Any CPU
		{4366FFE6-15A7-462D-B812-BDB8AECFAC8B}.Release|amd64.ActiveCfg = release|amd64
		{4366FFE6-15A7-462D-B812-BDB8AECFAC8B}.Release|amd64.Build.0 = release|amd64
		{4366FFE6-15A7-462D-B812-BDB8AECFAC8B}.Release|Any CPU.ActiveCfg = Release|Any CPU
		{4366FFE6-15A7-462D-B812-BDB8AECFAC8B}.Release|Any CPU.Build.0 = Release|Any CPU
		{4366FFE6-15A7-462D-B812-BDB8AECFAC8B}.retail|amd64.ActiveCfg = retail|amd64
		{4366FFE6-15A7-462D-B812-BDB8AECFAC8B}.retail|amd64.Build.0 = retail|amd64
		{4366FFE6-15A7-462D-B812-BDB8AECFAC8B}.retail|Any CPU.ActiveCfg = retail|Any CPU
		{4366FFE6-15A7-462D-B812-BDB8AECFAC8B}.retail|Any CPU.Build.0 = retail|Any CPU
		{4087A27A-8FEA-457D-8080-DEC306F13126}.Debug|amd64.ActiveCfg = debug|Any CPU
		{4087A27A-8FEA-457D-8080-DEC306F13126}.Debug|Any CPU.ActiveCfg = debug|Any CPU
		{4087A27A-8FEA-457D-8080-DEC306F13126}.Release|amd64.ActiveCfg = release|Any CPU
		{4087A27A-8FEA-457D-8080-DEC306F13126}.Release|Any CPU.ActiveCfg = release|Any CPU
		{4087A27A-8FEA-457D-8080-DEC306F13126}.retail|amd64.ActiveCfg = retail|Any CPU
		{4087A27A-8FEA-457D-8080-DEC306F13126}.retail|Any CPU.ActiveCfg = retail|Any CPU
		{DC45C0FA-83DE-404E-AC8F-DD4311FCD7A8}.Debug|amd64.ActiveCfg = debug|amd64
		{DC45C0FA-83DE-404E-AC8F-DD4311FCD7A8}.Debug|amd64.Build.0 = debug|amd64
		{DC45C0FA-83DE-404E-AC8F-DD4311FCD7A8}.Debug|Any CPU.ActiveCfg = debug|Any CPU
		{DC45C0FA-83DE-404E-AC8F-DD4311FCD7A8}.Debug|Any CPU.Build.0 = debug|Any CPU
		{DC45C0FA-83DE-404E-AC8F-DD4311FCD7A8}.Release|amd64.ActiveCfg = release|amd64
		{DC45C0FA-83DE-404E-AC8F-DD4311FCD7A8}.Release|amd64.Build.0 = release|amd64
		{DC45C0FA-83DE-404E-AC8F-DD4311FCD7A8}.Release|Any CPU.ActiveCfg = release|Any CPU
		{DC45C0FA-83DE-404E-AC8F-DD4311FCD7A8}.Release|Any CPU.Build.0 = release|Any CPU
		{DC45C0FA-83DE-404E-AC8F-DD4311FCD7A8}.retail|amd64.ActiveCfg = retail|amd64
		{DC45C0FA-83DE-404E-AC8F-DD4311FCD7A8}.retail|amd64.Build.0 = retail|amd64
		{DC45C0FA-83DE-404E-AC8F-DD4311FCD7A8}.retail|Any CPU.ActiveCfg = retail|Any CPU
		{DC45C0FA-83DE-404E-AC8F-DD4311FCD7A8}.retail|Any CPU.Build.0 = retail|Any CPU
	EndGlobalSection
	GlobalSection(SolutionProperties) = preSolution
		HideSolutionNode = FALSE
	EndGlobalSection
	GlobalSection(ExtensibilityGlobals) = postSolution
		SolutionGuid = {8D6E7678-C9C3-447B-BA8C-1B253CD1ACD6}
	EndGlobalSection
EndGlobal
