
Microsoft Visual Studio Solution File, Format Version 12.00
# Visual Studio Version 16
VisualStudioVersion = 16.0.32602.291
MinimumVisualStudioVersion = 10.0.40219.1
Project("{FAE04EC0-301F-11D3-BF4B-00C04F79EFBC}") = "ProductivityMacrosApplicationSolution", "Solution\ProductivityMacrosApplicationSolution.csproj", "{E2AF167D-085E-437D-BB5A-83578E689914}"
EndProject
Global
	GlobalSection(SolutionConfigurationPlatforms) = preSolution
		Debug|amd64 = Debug|amd64
		Debug|Any CPU = Debug|Any CPU
		Release|amd64 = Release|amd64
		Release|Any CPU = Release|Any CPU
		retail|amd64 = retail|amd64
		retail|Any CPU = retail|Any CPU
	EndGlobalSection
	GlobalSection(ProjectConfigurationPlatforms) = postSolution
		{E2AF167D-085E-437D-BB5A-83578E689914}.Debug|amd64.ActiveCfg = debug|amd64
		{E2AF167D-085E-437D-BB5A-83578E689914}.Debug|amd64.Build.0 = debug|amd64
		{E2AF167D-085E-437D-BB5A-83578E689914}.Debug|Any CPU.ActiveCfg = debug|Any CPU
		{E2AF167D-085E-437D-BB5A-83578E689914}.Debug|Any CPU.Build.0 = debug|Any CPU
		{E2AF167D-085E-437D-BB5A-83578E689914}.Release|amd64.ActiveCfg = release|amd64
		{E2AF167D-085E-437D-BB5A-83578E689914}.Release|amd64.Build.0 = release|amd64
		{E2AF167D-085E-437D-BB5A-83578E689914}.Release|Any CPU.ActiveCfg = release|Any CPU
		{E2AF167D-085E-437D-BB5A-83578E689914}.Release|Any CPU.Build.0 = release|Any CPU
		{E2AF167D-085E-437D-BB5A-83578E689914}.retail|amd64.ActiveCfg = retail|amd64
		{E2AF167D-085E-437D-BB5A-83578E689914}.retail|amd64.Build.0 = retail|amd64
		{E2AF167D-085E-437D-BB5A-83578E689914}.retail|Any CPU.ActiveCfg = retail|Any CPU
		{E2AF167D-085E-437D-BB5A-83578E689914}.retail|Any CPU.Build.0 = retail|Any CPU
	EndGlobalSection
	GlobalSection(SolutionProperties) = preSolution
		HideSolutionNode = FALSE
	EndGlobalSection
	GlobalSection(ExtensibilityGlobals) = postSolution
		SolutionGuid = {8D6E7678-C9C3-447B-BA8C-1B253CD1ACD6}
	EndGlobalSection
EndGlobal
