
Microsoft Visual Studio Solution File, Format Version 12.00
# Visual Studio 14
VisualStudioVersion = 14.0.25420.1
MinimumVisualStudioVersion = 10.0.40219.1
Project("{FAE04EC0-301F-11D3-BF4B-00C04F79EFBC}") = "ProductivityPaneControlCommon", "Common\ProductivityPaneControlCommon.csproj", "{14D5A07C-BF4C-4CAF-AA28-ACD97221C2EE}"
EndProject
Project("{FAE04EC0-301F-11D3-BF4B-00C04F79EFBC}") = "ProductivityPaneControlPlugins", "Plugins\ProductivityPaneControlPlugins.csproj", "{3B1B06F4-285F-4424-B35A-A00E09E37A5C}"
EndProject
Project("{FAE04EC0-301F-11D3-BF4B-00C04F79EFBC}") = "ProductivityPaneControl.Xrm.UnitTests", "UnitTests\ProductivityPaneControl.Xrm.UnitTests.csproj", "{3394C184-BEA8-46D3-92D5-525EB27457A2}"
EndProject
Project("{FAE04EC0-301F-11D3-BF4B-00C04F79EFBC}") = "ProductivityPaneControlTestCommon", "TestCommon\ProductivityPaneControlTestCommon.csproj", "{2B5435A0-A313-4473-8A2D-D0E1184B90DF}"
EndProject
Project("{FAE04EC0-301F-11D3-BF4B-00C04F79EFBC}") = "ProductivityPaneControl.Xrm.IntegrationTests", "IntegrationTests\ProductivityPaneControl.Xrm.IntegrationTests.csproj", "{4ACD11F0-7724-4469-A849-F6F0B99032D9}"
EndProject
Project("{2150E333-8FDC-42A3-9474-1A3956D46DE8}") = "Client", "Client", "{5B294C28-E4B8-431B-B7E0-A21B5074D0E2}"
EndProject
Project("{FAE04EC0-301F-11D3-BF4B-00C04F79EFBC}") = "ProductivityPaneControlWebResources", "Client\ProductivityPaneControlWebResources.csproj", "{EAB2456B-6BA3-47BB-B240-39608541F129}"
EndProject
Project("{2150E333-8FDC-42A3-9474-1A3956D46DE8}") = "Server", "Server", "{865490E1-56FB-4C49-94DD-2F9AC672A7D1}"
EndProject
Project("{2150E333-8FDC-42A3-9474-1A3956D46DE8}") = "Test", "Test", "{01E16FCE-26CF-48E2-87F1-3402A2F056C0}"
EndProject
Project("{FAE04EC0-301F-11D3-BF4B-00C04F79EFBC}") = "ProductivityPaneControl.Client.UnitTests", "Client.UnitTests\ProductivityPaneControl.Client.UnitTests.csproj", "{BA13ED12-20D6-4483-9205-77850C8990CD}"
EndProject
Project("{2150E333-8FDC-42A3-9474-1A3956D46DE8}") = "Packages", "Packages", "{BF36E48B-F33D-4BAB-8B8B-641DE71822B2}"
EndProject
Project("{FAE04EC0-301F-11D3-BF4B-00C04F79EFBC}") = "ProductivityPaneControl.UCI.IntegrationTests", "UCI.IntegrationTests\ProductivityPaneControl.UCI.IntegrationTests.csproj", "{1AC15B3F-AFAA-4350-8707-C617672FDD48}"
EndProject
Project("{FAE04EC0-301F-11D3-BF4B-00C04F79EFBC}") = "ProductivityPaneControlSolution", "Solution\ProductivityPaneControlSolution.csproj", "{60F0968B-F42E-4165-A4E2-9BF225A81BBA}"
	ProjectSection(ProjectDependencies) = postProject
		{3C4F5B1D-E2D0-47BD-8228-5A25AE6A940A} = {3C4F5B1D-E2D0-47BD-8228-5A25AE6A940A}
	EndProjectSection
EndProject
Project("{FAE04EC0-301F-11D3-BF4B-00C04F79EFBC}") = "ProductivityPaneControlWorkflows", "Workflows\ProductivityPaneControlWorkflows.csproj", "{16563F42-D5E4-460E-BDA2-4440CF379FDC}"
EndProject
Project("{88A30576-7583-4F75-8136-5EFD2C14ADFF}") = "ProductivityPaneControlPackage", "Package\ProductivityPaneControlPackage.csproj", "{3C4F5B1D-E2D0-47BD-8228-5A25AE6A940A}"
EndProject

Project("{2150E333-8FDC-42A3-9474-1A3956D46DE8}") = "Controls", "Controls", "{657E16A1-A970-4483-A2CF-8F9B718DC7A0}"
EndProject
Project("{FAE04EC0-301F-11D3-BF4B-00C04F79EFBC}") = "PanelControl", "Client\Controls\PanelControl\PanelControl.csproj", "{4B0F86BF-E8DD-495A-BBE5-F5F17317A7B9}"
EndProject
Global
	GlobalSection(SolutionConfigurationPlatforms) = preSolution
		Debug|amd64 = Debug|amd64
		Debug|Any CPU = Debug|Any CPU
		Debug|x86 = Debug|x86
		Release|amd64 = Release|amd64
		Release|Any CPU = Release|Any CPU
		Release|x86 = Release|x86
		retail|amd64 = retail|amd64
		retail|Any CPU = retail|Any CPU
		retail|x86 = retail|x86
	EndGlobalSection
	GlobalSection(ProjectConfigurationPlatforms) = postSolution
		{14D5A07C-BF4C-4CAF-AA28-ACD97221C2EE}.Debug|amd64.ActiveCfg = debug|amd64
		{14D5A07C-BF4C-4CAF-AA28-ACD97221C2EE}.Debug|amd64.Build.0 = debug|amd64
		{14D5A07C-BF4C-4CAF-AA28-ACD97221C2EE}.Debug|Any CPU.ActiveCfg = debug|Any CPU
		{14D5A07C-BF4C-4CAF-AA28-ACD97221C2EE}.Debug|Any CPU.Build.0 = debug|Any CPU
		{14D5A07C-BF4C-4CAF-AA28-ACD97221C2EE}.Debug|x86.ActiveCfg = debug|Any CPU
		{14D5A07C-BF4C-4CAF-AA28-ACD97221C2EE}.Debug|x86.Build.0 = debug|Any CPU
		{14D5A07C-BF4C-4CAF-AA28-ACD97221C2EE}.Release|amd64.ActiveCfg = release|amd64
		{14D5A07C-BF4C-4CAF-AA28-ACD97221C2EE}.Release|amd64.Build.0 = release|amd64
		{14D5A07C-BF4C-4CAF-AA28-ACD97221C2EE}.Release|Any CPU.ActiveCfg = release|Any CPU
		{14D5A07C-BF4C-4CAF-AA28-ACD97221C2EE}.Release|Any CPU.Build.0 = release|Any CPU
		{14D5A07C-BF4C-4CAF-AA28-ACD97221C2EE}.Release|x86.ActiveCfg = release|Any CPU
		{14D5A07C-BF4C-4CAF-AA28-ACD97221C2EE}.Release|x86.Build.0 = release|Any CPU
		{14D5A07C-BF4C-4CAF-AA28-ACD97221C2EE}.retail|amd64.ActiveCfg = retail|amd64
		{14D5A07C-BF4C-4CAF-AA28-ACD97221C2EE}.retail|amd64.Build.0 = retail|amd64
		{14D5A07C-BF4C-4CAF-AA28-ACD97221C2EE}.retail|Any CPU.ActiveCfg = retail|Any CPU
		{14D5A07C-BF4C-4CAF-AA28-ACD97221C2EE}.retail|Any CPU.Build.0 = retail|Any CPU
		{14D5A07C-BF4C-4CAF-AA28-ACD97221C2EE}.retail|x86.ActiveCfg = retail|Any CPU
		{14D5A07C-BF4C-4CAF-AA28-ACD97221C2EE}.retail|x86.Build.0 = retail|Any CPU
		{3B1B06F4-285F-4424-B35A-A00E09E37A5C}.Debug|amd64.ActiveCfg = debug|amd64
		{3B1B06F4-285F-4424-B35A-A00E09E37A5C}.Debug|amd64.Build.0 = debug|amd64
		{3B1B06F4-285F-4424-B35A-A00E09E37A5C}.Debug|Any CPU.ActiveCfg = debug|Any CPU
		{3B1B06F4-285F-4424-B35A-A00E09E37A5C}.Debug|Any CPU.Build.0 = debug|Any CPU
		{3B1B06F4-285F-4424-B35A-A00E09E37A5C}.Debug|x86.ActiveCfg = debug|Any CPU
		{3B1B06F4-285F-4424-B35A-A00E09E37A5C}.Debug|x86.Build.0 = debug|Any CPU
		{3B1B06F4-285F-4424-B35A-A00E09E37A5C}.Release|amd64.ActiveCfg = release|amd64
		{3B1B06F4-285F-4424-B35A-A00E09E37A5C}.Release|amd64.Build.0 = release|amd64
		{3B1B06F4-285F-4424-B35A-A00E09E37A5C}.Release|Any CPU.ActiveCfg = release|Any CPU
		{3B1B06F4-285F-4424-B35A-A00E09E37A5C}.Release|Any CPU.Build.0 = release|Any CPU
		{3B1B06F4-285F-4424-B35A-A00E09E37A5C}.Release|x86.ActiveCfg = release|Any CPU
		{3B1B06F4-285F-4424-B35A-A00E09E37A5C}.Release|x86.Build.0 = release|Any CPU
		{3B1B06F4-285F-4424-B35A-A00E09E37A5C}.retail|amd64.ActiveCfg = retail|amd64
		{3B1B06F4-285F-4424-B35A-A00E09E37A5C}.retail|amd64.Build.0 = retail|amd64
		{3B1B06F4-285F-4424-B35A-A00E09E37A5C}.retail|Any CPU.ActiveCfg = retail|Any CPU
		{3B1B06F4-285F-4424-B35A-A00E09E37A5C}.retail|Any CPU.Build.0 = retail|Any CPU
		{3B1B06F4-285F-4424-B35A-A00E09E37A5C}.retail|x86.ActiveCfg = retail|Any CPU
		{3B1B06F4-285F-4424-B35A-A00E09E37A5C}.retail|x86.Build.0 = retail|Any CPU
		{3394C184-BEA8-46D3-92D5-525EB27457A2}.Debug|amd64.ActiveCfg = Debug|Any CPU
		{3394C184-BEA8-46D3-92D5-525EB27457A2}.Debug|amd64.Build.0 = Debug|Any CPU
		{3394C184-BEA8-46D3-92D5-525EB27457A2}.Debug|Any CPU.ActiveCfg = Debug|Any CPU
		{3394C184-BEA8-46D3-92D5-525EB27457A2}.Debug|Any CPU.Build.0 = Debug|Any CPU
		{3394C184-BEA8-46D3-92D5-525EB27457A2}.Debug|x86.ActiveCfg = Debug|Any CPU
		{3394C184-BEA8-46D3-92D5-525EB27457A2}.Debug|x86.Build.0 = Debug|Any CPU
		{3394C184-BEA8-46D3-92D5-525EB27457A2}.Release|amd64.ActiveCfg = Debug|Any CPU
		{3394C184-BEA8-46D3-92D5-525EB27457A2}.Release|amd64.Build.0 = Debug|Any CPU
		{3394C184-BEA8-46D3-92D5-525EB27457A2}.Release|Any CPU.ActiveCfg = Debug|Any CPU
		{3394C184-BEA8-46D3-92D5-525EB27457A2}.Release|Any CPU.Build.0 = Debug|Any CPU
		{3394C184-BEA8-46D3-92D5-525EB27457A2}.Release|x86.ActiveCfg = Debug|Any CPU
		{3394C184-BEA8-46D3-92D5-525EB27457A2}.Release|x86.Build.0 = Debug|Any CPU
		{3394C184-BEA8-46D3-92D5-525EB27457A2}.retail|amd64.ActiveCfg = retail|amd64
		{3394C184-BEA8-46D3-92D5-525EB27457A2}.retail|amd64.Build.0 = retail|amd64
		{3394C184-BEA8-46D3-92D5-525EB27457A2}.retail|Any CPU.ActiveCfg = retail|Any CPU
		{3394C184-BEA8-46D3-92D5-525EB27457A2}.retail|Any CPU.Build.0 = retail|Any CPU
		{3394C184-BEA8-46D3-92D5-525EB27457A2}.retail|x86.ActiveCfg = retail|Any CPU
		{3394C184-BEA8-46D3-92D5-525EB27457A2}.retail|x86.Build.0 = retail|Any CPU
		{2B5435A0-A313-4473-8A2D-D0E1184B90DF}.Debug|amd64.ActiveCfg = Debug|Any CPU
		{2B5435A0-A313-4473-8A2D-D0E1184B90DF}.Debug|amd64.Build.0 = Debug|Any CPU
		{2B5435A0-A313-4473-8A2D-D0E1184B90DF}.Debug|Any CPU.ActiveCfg = Debug|Any CPU
		{2B5435A0-A313-4473-8A2D-D0E1184B90DF}.Debug|Any CPU.Build.0 = Debug|Any CPU
		{2B5435A0-A313-4473-8A2D-D0E1184B90DF}.Debug|x86.ActiveCfg = Debug|Any CPU
		{2B5435A0-A313-4473-8A2D-D0E1184B90DF}.Debug|x86.Build.0 = Debug|Any CPU
		{2B5435A0-A313-4473-8A2D-D0E1184B90DF}.Release|amd64.ActiveCfg = Debug|Any CPU
		{2B5435A0-A313-4473-8A2D-D0E1184B90DF}.Release|amd64.Build.0 = Debug|Any CPU
		{2B5435A0-A313-4473-8A2D-D0E1184B90DF}.Release|Any CPU.ActiveCfg = Debug|Any CPU
		{2B5435A0-A313-4473-8A2D-D0E1184B90DF}.Release|Any CPU.Build.0 = Debug|Any CPU
		{2B5435A0-A313-4473-8A2D-D0E1184B90DF}.Release|x86.ActiveCfg = Debug|Any CPU
		{2B5435A0-A313-4473-8A2D-D0E1184B90DF}.Release|x86.Build.0 = Debug|Any CPU
		{2B5435A0-A313-4473-8A2D-D0E1184B90DF}.retail|amd64.ActiveCfg = Debug|Any CPU
		{2B5435A0-A313-4473-8A2D-D0E1184B90DF}.retail|amd64.Build.0 = Debug|Any CPU
		{2B5435A0-A313-4473-8A2D-D0E1184B90DF}.retail|Any CPU.ActiveCfg = Debug|Any CPU
		{2B5435A0-A313-4473-8A2D-D0E1184B90DF}.retail|Any CPU.Build.0 = Debug|Any CPU
		{2B5435A0-A313-4473-8A2D-D0E1184B90DF}.retail|x86.ActiveCfg = Debug|Any CPU
		{2B5435A0-A313-4473-8A2D-D0E1184B90DF}.retail|x86.Build.0 = Debug|Any CPU
		{4ACD11F0-7724-4469-A849-F6F0B99032D9}.Debug|amd64.ActiveCfg = Debug|Any CPU
		{4ACD11F0-7724-4469-A849-F6F0B99032D9}.Debug|amd64.Build.0 = Debug|Any CPU
		{4ACD11F0-7724-4469-A849-F6F0B99032D9}.Debug|Any CPU.ActiveCfg = Debug|Any CPU
		{4ACD11F0-7724-4469-A849-F6F0B99032D9}.Debug|Any CPU.Build.0 = Debug|Any CPU
		{4ACD11F0-7724-4469-A849-F6F0B99032D9}.Debug|x86.ActiveCfg = Debug|Any CPU
		{4ACD11F0-7724-4469-A849-F6F0B99032D9}.Debug|x86.Build.0 = Debug|Any CPU
		{4ACD11F0-7724-4469-A849-F6F0B99032D9}.Release|amd64.ActiveCfg = Debug|Any CPU
		{4ACD11F0-7724-4469-A849-F6F0B99032D9}.Release|amd64.Build.0 = Debug|Any CPU
		{4ACD11F0-7724-4469-A849-F6F0B99032D9}.Release|Any CPU.ActiveCfg = Debug|Any CPU
		{4ACD11F0-7724-4469-A849-F6F0B99032D9}.Release|Any CPU.Build.0 = Debug|Any CPU
		{4ACD11F0-7724-4469-A849-F6F0B99032D9}.Release|x86.ActiveCfg = Debug|Any CPU
		{4ACD11F0-7724-4469-A849-F6F0B99032D9}.Release|x86.Build.0 = Debug|Any CPU
		{4ACD11F0-7724-4469-A849-F6F0B99032D9}.retail|amd64.ActiveCfg = retail|amd64
		{4ACD11F0-7724-4469-A849-F6F0B99032D9}.retail|amd64.Build.0 = retail|amd64
		{4ACD11F0-7724-4469-A849-F6F0B99032D9}.retail|Any CPU.ActiveCfg = retail|Any CPU
		{4ACD11F0-7724-4469-A849-F6F0B99032D9}.retail|Any CPU.Build.0 = retail|Any CPU
		{4ACD11F0-7724-4469-A849-F6F0B99032D9}.retail|x86.ActiveCfg = retail|Any CPU
		{4ACD11F0-7724-4469-A849-F6F0B99032D9}.retail|x86.Build.0 = retail|Any CPU
		{EAB2456B-6BA3-47BB-B240-39608541F129}.Debug|amd64.ActiveCfg = Debug|Any CPU
		{EAB2456B-6BA3-47BB-B240-39608541F129}.Debug|amd64.Build.0 = Debug|Any CPU
		{EAB2456B-6BA3-47BB-B240-39608541F129}.Debug|Any CPU.ActiveCfg = Debug|Any CPU
		{EAB2456B-6BA3-47BB-B240-39608541F129}.Debug|Any CPU.Build.0 = Debug|Any CPU
		{EAB2456B-6BA3-47BB-B240-39608541F129}.Debug|x86.ActiveCfg = Debug|Any CPU
		{EAB2456B-6BA3-47BB-B240-39608541F129}.Debug|x86.Build.0 = Debug|Any CPU
		{EAB2456B-6BA3-47BB-B240-39608541F129}.Release|amd64.ActiveCfg = Debug|Any CPU
		{EAB2456B-6BA3-47BB-B240-39608541F129}.Release|amd64.Build.0 = Debug|Any CPU
		{EAB2456B-6BA3-47BB-B240-39608541F129}.Release|Any CPU.ActiveCfg = Debug|Any CPU
		{EAB2456B-6BA3-47BB-B240-39608541F129}.Release|Any CPU.Build.0 = Debug|Any CPU
		{EAB2456B-6BA3-47BB-B240-39608541F129}.Release|x86.ActiveCfg = Debug|Any CPU
		{EAB2456B-6BA3-47BB-B240-39608541F129}.Release|x86.Build.0 = Debug|Any CPU
		{EAB2456B-6BA3-47BB-B240-39608541F129}.retail|amd64.ActiveCfg = retail|amd64
		{EAB2456B-6BA3-47BB-B240-39608541F129}.retail|amd64.Build.0 = retail|amd64
		{EAB2456B-6BA3-47BB-B240-39608541F129}.retail|Any CPU.ActiveCfg = retail|Any CPU
		{EAB2456B-6BA3-47BB-B240-39608541F129}.retail|Any CPU.Build.0 = retail|Any CPU
		{EAB2456B-6BA3-47BB-B240-39608541F129}.retail|x86.ActiveCfg = retail|Any CPU
		{EAB2456B-6BA3-47BB-B240-39608541F129}.retail|x86.Build.0 = retail|Any CPU
		{BA13ED12-20D6-4483-9205-77850C8990CD}.Debug|amd64.ActiveCfg = Debug|Any CPU
		{BA13ED12-20D6-4483-9205-77850C8990CD}.Debug|amd64.Build.0 = Debug|Any CPU
		{BA13ED12-20D6-4483-9205-77850C8990CD}.Debug|Any CPU.ActiveCfg = Debug|Any CPU
		{BA13ED12-20D6-4483-9205-77850C8990CD}.Debug|Any CPU.Build.0 = Debug|Any CPU
		{BA13ED12-20D6-4483-9205-77850C8990CD}.Debug|x86.ActiveCfg = Debug|Any CPU
		{BA13ED12-20D6-4483-9205-77850C8990CD}.Debug|x86.Build.0 = Debug|Any CPU
		{BA13ED12-20D6-4483-9205-77850C8990CD}.Release|amd64.ActiveCfg = Debug|Any CPU
		{BA13ED12-20D6-4483-9205-77850C8990CD}.Release|amd64.Build.0 = Debug|Any CPU
		{BA13ED12-20D6-4483-9205-77850C8990CD}.Release|Any CPU.ActiveCfg = Debug|Any CPU
		{BA13ED12-20D6-4483-9205-77850C8990CD}.Release|Any CPU.Build.0 = Debug|Any CPU
		{BA13ED12-20D6-4483-9205-77850C8990CD}.Release|x86.ActiveCfg = Debug|Any CPU
		{BA13ED12-20D6-4483-9205-77850C8990CD}.Release|x86.Build.0 = Debug|Any CPU
		{BA13ED12-20D6-4483-9205-77850C8990CD}.retail|amd64.ActiveCfg = retail|amd64
		{BA13ED12-20D6-4483-9205-77850C8990CD}.retail|amd64.Build.0 = retail|amd64
		{BA13ED12-20D6-4483-9205-77850C8990CD}.retail|Any CPU.ActiveCfg = retail|Any CPU
		{BA13ED12-20D6-4483-9205-77850C8990CD}.retail|Any CPU.Build.0 = retail|Any CPU
		{BA13ED12-20D6-4483-9205-77850C8990CD}.retail|x86.ActiveCfg = retail|Any CPU
		{BA13ED12-20D6-4483-9205-77850C8990CD}.retail|x86.Build.0 = retail|Any CPU
		{1AC15B3F-AFAA-4350-8707-C617672FDD48}.Debug|amd64.ActiveCfg = Debug|Any CPU
		{1AC15B3F-AFAA-4350-8707-C617672FDD48}.Debug|amd64.Build.0 = Debug|Any CPU
		{1AC15B3F-AFAA-4350-8707-C617672FDD48}.Debug|Any CPU.ActiveCfg = Debug|Any CPU
		{1AC15B3F-AFAA-4350-8707-C617672FDD48}.Debug|Any CPU.Build.0 = Debug|Any CPU
		{1AC15B3F-AFAA-4350-8707-C617672FDD48}.Debug|x86.ActiveCfg = Debug|Any CPU
		{1AC15B3F-AFAA-4350-8707-C617672FDD48}.Debug|x86.Build.0 = Debug|Any CPU
		{1AC15B3F-AFAA-4350-8707-C617672FDD48}.Release|amd64.ActiveCfg = Release|Any CPU
		{1AC15B3F-AFAA-4350-8707-C617672FDD48}.Release|amd64.Build.0 = Release|Any CPU
		{1AC15B3F-AFAA-4350-8707-C617672FDD48}.Release|Any CPU.ActiveCfg = Release|Any CPU
		{1AC15B3F-AFAA-4350-8707-C617672FDD48}.Release|Any CPU.Build.0 = Release|Any CPU
		{1AC15B3F-AFAA-4350-8707-C617672FDD48}.Release|x86.ActiveCfg = Release|Any CPU
		{1AC15B3F-AFAA-4350-8707-C617672FDD48}.Release|x86.Build.0 = Release|Any CPU
		{1AC15B3F-AFAA-4350-8707-C617672FDD48}.retail|amd64.ActiveCfg = retail|amd64
		{1AC15B3F-AFAA-4350-8707-C617672FDD48}.retail|amd64.Build.0 = retail|amd64
		{1AC15B3F-AFAA-4350-8707-C617672FDD48}.retail|Any CPU.ActiveCfg = retail|Any CPU
		{1AC15B3F-AFAA-4350-8707-C617672FDD48}.retail|Any CPU.Build.0 = retail|Any CPU
		{1AC15B3F-AFAA-4350-8707-C617672FDD48}.retail|x86.ActiveCfg = retail|Any CPU
		{1AC15B3F-AFAA-4350-8707-C617672FDD48}.retail|x86.Build.0 = retail|Any CPU
		{60F0968B-F42E-4165-A4E2-9BF225A81BBA}.Debug|amd64.ActiveCfg = debug|amd64
		{60F0968B-F42E-4165-A4E2-9BF225A81BBA}.Debug|amd64.Build.0 = debug|amd64
		{60F0968B-F42E-4165-A4E2-9BF225A81BBA}.Debug|Any CPU.ActiveCfg = debug|Any CPU
		{60F0968B-F42E-4165-A4E2-9BF225A81BBA}.Debug|Any CPU.Build.0 = debug|Any CPU
		{60F0968B-F42E-4165-A4E2-9BF225A81BBA}.Debug|x86.ActiveCfg = debug|Any CPU
		{60F0968B-F42E-4165-A4E2-9BF225A81BBA}.Debug|x86.Build.0 = debug|Any CPU
		{60F0968B-F42E-4165-A4E2-9BF225A81BBA}.Release|amd64.ActiveCfg = release|amd64
		{60F0968B-F42E-4165-A4E2-9BF225A81BBA}.Release|amd64.Build.0 = release|amd64
		{60F0968B-F42E-4165-A4E2-9BF225A81BBA}.Release|Any CPU.ActiveCfg = release|Any CPU
		{60F0968B-F42E-4165-A4E2-9BF225A81BBA}.Release|Any CPU.Build.0 = release|Any CPU
		{60F0968B-F42E-4165-A4E2-9BF225A81BBA}.Release|x86.ActiveCfg = release|Any CPU
		{60F0968B-F42E-4165-A4E2-9BF225A81BBA}.Release|x86.Build.0 = release|Any CPU
		{60F0968B-F42E-4165-A4E2-9BF225A81BBA}.retail|amd64.ActiveCfg = retail|amd64
		{60F0968B-F42E-4165-A4E2-9BF225A81BBA}.retail|amd64.Build.0 = retail|amd64
		{60F0968B-F42E-4165-A4E2-9BF225A81BBA}.retail|Any CPU.ActiveCfg = retail|Any CPU
		{60F0968B-F42E-4165-A4E2-9BF225A81BBA}.retail|Any CPU.Build.0 = retail|Any CPU
		{60F0968B-F42E-4165-A4E2-9BF225A81BBA}.retail|x86.ActiveCfg = retail|Any CPU
		{60F0968B-F42E-4165-A4E2-9BF225A81BBA}.retail|x86.Build.0 = retail|Any CPU
		{16563F42-D5E4-460E-BDA2-4440CF379FDC}.Debug|amd64.ActiveCfg = debug|amd64
		{16563F42-D5E4-460E-BDA2-4440CF379FDC}.Debug|amd64.Build.0 = debug|amd64
		{16563F42-D5E4-460E-BDA2-4440CF379FDC}.Debug|Any CPU.ActiveCfg = debug|Any CPU
		{16563F42-D5E4-460E-BDA2-4440CF379FDC}.Debug|Any CPU.Build.0 = debug|Any CPU
		{16563F42-D5E4-460E-BDA2-4440CF379FDC}.Debug|x86.ActiveCfg = debug|Any CPU
		{16563F42-D5E4-460E-BDA2-4440CF379FDC}.Debug|x86.Build.0 = debug|Any CPU
		{16563F42-D5E4-460E-BDA2-4440CF379FDC}.Release|amd64.ActiveCfg = release|amd64
		{16563F42-D5E4-460E-BDA2-4440CF379FDC}.Release|amd64.Build.0 = release|amd64
		{16563F42-D5E4-460E-BDA2-4440CF379FDC}.Release|Any CPU.ActiveCfg = release|Any CPU
		{16563F42-D5E4-460E-BDA2-4440CF379FDC}.Release|Any CPU.Build.0 = release|Any CPU
		{16563F42-D5E4-460E-BDA2-4440CF379FDC}.Release|x86.ActiveCfg = release|Any CPU
		{16563F42-D5E4-460E-BDA2-4440CF379FDC}.Release|x86.Build.0 = release|Any CPU
		{16563F42-D5E4-460E-BDA2-4440CF379FDC}.retail|amd64.ActiveCfg = retail|amd64
		{16563F42-D5E4-460E-BDA2-4440CF379FDC}.retail|amd64.Build.0 = retail|amd64
		{16563F42-D5E4-460E-BDA2-4440CF379FDC}.retail|Any CPU.ActiveCfg = retail|Any CPU
		{16563F42-D5E4-460E-BDA2-4440CF379FDC}.retail|Any CPU.Build.0 = retail|Any CPU
		{16563F42-D5E4-460E-BDA2-4440CF379FDC}.retail|x86.ActiveCfg = retail|Any CPU
		{16563F42-D5E4-460E-BDA2-4440CF379FDC}.retail|x86.Build.0 = retail|Any CPU
		{3C4F5B1D-E2D0-47BD-8228-5A25AE6A940A}.Debug|amd64.ActiveCfg = debug|Any CPU
		{3C4F5B1D-E2D0-47BD-8228-5A25AE6A940A}.Debug|amd64.Build.0 = debug|Any CPU
		{3C4F5B1D-E2D0-47BD-8228-5A25AE6A940A}.Debug|amd64.Deploy.0 = debug|Any CPU
		{3C4F5B1D-E2D0-47BD-8228-5A25AE6A940A}.Debug|Any CPU.ActiveCfg = debug|Any CPU
		{3C4F5B1D-E2D0-47BD-8228-5A25AE6A940A}.Debug|Any CPU.Build.0 = debug|Any CPU
		{3C4F5B1D-E2D0-47BD-8228-5A25AE6A940A}.Debug|Any CPU.Deploy.0 = debug|Any CPU
		{3C4F5B1D-E2D0-47BD-8228-5A25AE6A940A}.Debug|x86.ActiveCfg = debug|Any CPU
		{3C4F5B1D-E2D0-47BD-8228-5A25AE6A940A}.Debug|x86.Build.0 = debug|Any CPU
		{3C4F5B1D-E2D0-47BD-8228-5A25AE6A940A}.Debug|x86.Deploy.0 = debug|Any CPU
		{3C4F5B1D-E2D0-47BD-8228-5A25AE6A940A}.Release|amd64.ActiveCfg = release|Any CPU
		{3C4F5B1D-E2D0-47BD-8228-5A25AE6A940A}.Release|amd64.Build.0 = release|Any CPU
		{3C4F5B1D-E2D0-47BD-8228-5A25AE6A940A}.Release|amd64.Deploy.0 = release|Any CPU
		{3C4F5B1D-E2D0-47BD-8228-5A25AE6A940A}.Release|Any CPU.ActiveCfg = release|Any CPU
		{3C4F5B1D-E2D0-47BD-8228-5A25AE6A940A}.Release|Any CPU.Build.0 = release|Any CPU
		{3C4F5B1D-E2D0-47BD-8228-5A25AE6A940A}.Release|Any CPU.Deploy.0 = release|Any CPU
		{3C4F5B1D-E2D0-47BD-8228-5A25AE6A940A}.Release|x86.ActiveCfg = release|Any CPU
		{3C4F5B1D-E2D0-47BD-8228-5A25AE6A940A}.Release|x86.Build.0 = release|Any CPU
		{3C4F5B1D-E2D0-47BD-8228-5A25AE6A940A}.Release|x86.Deploy.0 = release|Any CPU
		{3C4F5B1D-E2D0-47BD-8228-5A25AE6A940A}.retail|amd64.ActiveCfg = retail|Any CPU
		{3C4F5B1D-E2D0-47BD-8228-5A25AE6A940A}.retail|amd64.Build.0 = retail|Any CPU
		{3C4F5B1D-E2D0-47BD-8228-5A25AE6A940A}.retail|amd64.Deploy.0 = retail|Any CPU
		{3C4F5B1D-E2D0-47BD-8228-5A25AE6A940A}.retail|Any CPU.ActiveCfg = retail|Any CPU
		{3C4F5B1D-E2D0-47BD-8228-5A25AE6A940A}.retail|Any CPU.Build.0 = retail|Any CPU
		{3C4F5B1D-E2D0-47BD-8228-5A25AE6A940A}.retail|Any CPU.Deploy.0 = retail|Any CPU
		{3C4F5B1D-E2D0-47BD-8228-5A25AE6A940A}.retail|x86.ActiveCfg = retail|Any CPU
		{3C4F5B1D-E2D0-47BD-8228-5A25AE6A940A}.retail|x86.Build.0 = retail|Any CPU
		{3C4F5B1D-E2D0-47BD-8228-5A25AE6A940A}.retail|x86.Deploy.0 = retail|Any CPU
				{4B0F86BF-E8DD-495A-BBE5-F5F17317A7B9}.Debug|amd64.ActiveCfg = debug|amd64
		{4B0F86BF-E8DD-495A-BBE5-F5F17317A7B9}.Debug|amd64.Build.0 = debug|amd64
		{4B0F86BF-E8DD-495A-BBE5-F5F17317A7B9}.Debug|Any CPU.ActiveCfg = debug|Any CPU
		{4B0F86BF-E8DD-495A-BBE5-F5F17317A7B9}.Debug|Any CPU.Build.0 = debug|Any CPU
		{4B0F86BF-E8DD-495A-BBE5-F5F17317A7B9}.Debug|x86.ActiveCfg = debug|Any CPU
		{4B0F86BF-E8DD-495A-BBE5-F5F17317A7B9}.Debug|x86.Build.0 = debug|Any CPU
		{4B0F86BF-E8DD-495A-BBE5-F5F17317A7B9}.Release|amd64.ActiveCfg = release|amd64
		{4B0F86BF-E8DD-495A-BBE5-F5F17317A7B9}.Release|amd64.Build.0 = release|amd64
		{4B0F86BF-E8DD-495A-BBE5-F5F17317A7B9}.Release|Any CPU.ActiveCfg = release|Any CPU
		{4B0F86BF-E8DD-495A-BBE5-F5F17317A7B9}.Release|Any CPU.Build.0 = release|Any CPU
		{4B0F86BF-E8DD-495A-BBE5-F5F17317A7B9}.Release|x86.ActiveCfg = release|Any CPU
		{4B0F86BF-E8DD-495A-BBE5-F5F17317A7B9}.Release|x86.Build.0 = release|Any CPU
		{4B0F86BF-E8DD-495A-BBE5-F5F17317A7B9}.retail|amd64.ActiveCfg = retail|amd64
		{4B0F86BF-E8DD-495A-BBE5-F5F17317A7B9}.retail|amd64.Build.0 = retail|amd64
		{4B0F86BF-E8DD-495A-BBE5-F5F17317A7B9}.retail|Any CPU.ActiveCfg = retail|Any CPU
		{4B0F86BF-E8DD-495A-BBE5-F5F17317A7B9}.retail|Any CPU.Build.0 = retail|Any CPU
		{4B0F86BF-E8DD-495A-BBE5-F5F17317A7B9}.retail|x86.ActiveCfg = retail|Any CPU
		{4B0F86BF-E8DD-495A-BBE5-F5F17317A7B9}.retail|x86.Build.0 = retail|Any CPU

	EndGlobalSection
	GlobalSection(SolutionProperties) = preSolution
		HideSolutionNode = FALSE
	EndGlobalSection
	GlobalSection(NestedProjects) = preSolution
		{14D5A07C-BF4C-4CAF-AA28-ACD97221C2EE} = {865490E1-56FB-4C49-94DD-2F9AC672A7D1}
		{3B1B06F4-285F-4424-B35A-A00E09E37A5C} = {865490E1-56FB-4C49-94DD-2F9AC672A7D1}
		{3394C184-BEA8-46D3-92D5-525EB27457A2} = {01E16FCE-26CF-48E2-87F1-3402A2F056C0}
		{2B5435A0-A313-4473-8A2D-D0E1184B90DF} = {01E16FCE-26CF-48E2-87F1-3402A2F056C0}
		{4ACD11F0-7724-4469-A849-F6F0B99032D9} = {01E16FCE-26CF-48E2-87F1-3402A2F056C0}
		{EAB2456B-6BA3-47BB-B240-39608541F129} = {5B294C28-E4B8-431B-B7E0-A21B5074D0E2}
		{BA13ED12-20D6-4483-9205-77850C8990CD} = {5B294C28-E4B8-431B-B7E0-A21B5074D0E2}
		{1AC15B3F-AFAA-4350-8707-C617672FDD48} = {5B294C28-E4B8-431B-B7E0-A21B5074D0E2}
		{60F0968B-F42E-4165-A4E2-9BF225A81BBA} = {BF36E48B-F33D-4BAB-8B8B-641DE71822B2}
		{16563F42-D5E4-460E-BDA2-4440CF379FDC} = {865490E1-56FB-4C49-94DD-2F9AC672A7D1}
		{3C4F5B1D-E2D0-47BD-8228-5A25AE6A940A} = {BF36E48B-F33D-4BAB-8B8B-641DE71822B2}
				{657E16A1-A970-4483-A2CF-8F9B718DC7A0} = {5B294C28-E4B8-431B-B7E0-A21B5074D0E2}
		{4B0F86BF-E8DD-495A-BBE5-F5F17317A7B9} = {657E16A1-A970-4483-A2CF-8F9B718DC7A0}
	EndGlobalSection
	GlobalSection(ExtensibilityGlobals) = postSolution
		SolutionGuid = {BCD4FEEF-13F8-487E-8444-81B00FDC424F}
	EndGlobalSection
	GlobalSection(CRMSolutionProperties) = preSolution
		SolutionIsBoundToCRM = True
	EndGlobalSection
	GlobalSection(CRMSolutionProperties) = preSolution
		SolutionIsBoundToCRM = True
	EndGlobalSection
	GlobalSection(CRMSolutionProperties) = preSolution
		SolutionIsBoundToCRM = True
	EndGlobalSection
EndGlobal
