
Microsoft Visual Studio Solution File, Format Version 12.00
# Visual Studio Version 16
VisualStudioVersion = 16.0.32602.291
MinimumVisualStudioVersion = 10.0.40219.1
Project("{2150E333-8FDC-42A3-9474-1A3956D46DE8}") = "Client", "Client", "{5B294C28-E4B8-431B-B7E0-A21B5074D0E2}"
EndProject
Project("{FAE04EC0-301F-11D3-BF4B-00C04F79EFBC}") = "AgentscriptComponentWebResources", "Client\AgentscriptComponentWebResources.csproj", "{2BD3D01E-7168-40A9-AAF1-55510D391484}"
EndProject
Project("{2150E333-8FDC-42A3-9474-1A3956D46DE8}") = "Packages", "Packages", "{BF36E48B-F33D-4BAB-8B8B-641DE71822B2}"
EndProject
Project("{FAE04EC0-301F-11D3-BF4B-00C04F79EFBC}") = "AgentscriptComponentSolution", "Solution\AgentscriptComponentSolution.csproj", "{7F16C51D-12D0-488B-9583-118107D833F0}"
	ProjectSection(ProjectDependencies) = postProject
		{3C4F5B1D-E2D0-47BD-8228-5A25AE6A940A} = {3C4F5B1D-E2D0-47BD-8228-5A25AE6A940A}
	EndProjectSection
EndProject
Project("{88A30576-7583-4F75-8136-5EFD2C14ADFF}") = "AgentscriptPackage", "Package\AgentscriptComponentPackage.csproj", "{3C4F5B1D-E2D0-47BD-8228-5A25AE6A940A}"
EndProject
Project("{2150E333-8FDC-42A3-9474-1A3956D46DE8}") = "Controls", "Controls", "{657E16A1-A970-4483-A2CF-8F9B718DC7A0}"
EndProject
Project("{FAE04EC0-301F-11D3-BF4B-00C04F79EFBC}") = "CallscriptControl", "Client\Controls\CallscriptControl\CallscriptControl.csproj", "{7A1500DA-8B09-4DC9-9883-D78AA37C5C2E}"
EndProject
Project("{FAE04EC0-301F-11D3-BF4B-00C04F79EFBC}") = "ButtonControl", "Client\Controls\ButtonControl\ButtonControl.csproj", "{6F82FCF7-B961-4D6E-A719-3B14EF99DD66}"
EndProject
Global
	GlobalSection(SolutionConfigurationPlatforms) = preSolution
		Debug|amd64 = Debug|amd64
		Debug|Any CPU = Debug|Any CPU
		Debug|x86 = Debug|x86
		Release|amd64 = Release|amd64
		Release|Any CPU = Release|Any CPU
		Release|x86 = Release|x86
		retail|amd64 = retail|amd64
		retail|Any CPU = retail|Any CPU
		retail|x86 = retail|x86
	EndGlobalSection
	GlobalSection(ProjectConfigurationPlatforms) = postSolution
		{2BD3D01E-7168-40A9-AAF1-55510D391484}.Debug|amd64.ActiveCfg = Debug|Any CPU
		{2BD3D01E-7168-40A9-AAF1-55510D391484}.Debug|amd64.Build.0 = Debug|Any CPU
		{2BD3D01E-7168-40A9-AAF1-55510D391484}.Debug|Any CPU.ActiveCfg = Debug|Any CPU
		{2BD3D01E-7168-40A9-AAF1-55510D391484}.Debug|Any CPU.Build.0 = Debug|Any CPU
		{2BD3D01E-7168-40A9-AAF1-55510D391484}.Debug|x86.ActiveCfg = Debug|Any CPU
		{2BD3D01E-7168-40A9-AAF1-55510D391484}.Debug|x86.Build.0 = Debug|Any CPU
		{2BD3D01E-7168-40A9-AAF1-55510D391484}.Release|amd64.ActiveCfg = Debug|Any CPU
		{2BD3D01E-7168-40A9-AAF1-55510D391484}.Release|amd64.Build.0 = Debug|Any CPU
		{2BD3D01E-7168-40A9-AAF1-55510D391484}.Release|Any CPU.ActiveCfg = Debug|Any CPU
		{2BD3D01E-7168-40A9-AAF1-55510D391484}.Release|Any CPU.Build.0 = Debug|Any CPU
		{2BD3D01E-7168-40A9-AAF1-55510D391484}.Release|x86.ActiveCfg = Debug|Any CPU
		{2BD3D01E-7168-40A9-AAF1-55510D391484}.Release|x86.Build.0 = Debug|Any CPU
		{2BD3D01E-7168-40A9-AAF1-55510D391484}.retail|amd64.ActiveCfg = retail|amd64
		{2BD3D01E-7168-40A9-AAF1-55510D391484}.retail|amd64.Build.0 = retail|amd64
		{2BD3D01E-7168-40A9-AAF1-55510D391484}.retail|Any CPU.ActiveCfg = retail|Any CPU
		{2BD3D01E-7168-40A9-AAF1-55510D391484}.retail|Any CPU.Build.0 = retail|Any CPU
		{2BD3D01E-7168-40A9-AAF1-55510D391484}.retail|x86.ActiveCfg = retail|Any CPU
		{2BD3D01E-7168-40A9-AAF1-55510D391484}.retail|x86.Build.0 = retail|Any CPU
		{7F16C51D-12D0-488B-9583-118107D833F0}.Debug|amd64.ActiveCfg = debug|amd64
		{7F16C51D-12D0-488B-9583-118107D833F0}.Debug|amd64.Build.0 = debug|amd64
		{7F16C51D-12D0-488B-9583-118107D833F0}.Debug|Any CPU.ActiveCfg = debug|Any CPU
		{7F16C51D-12D0-488B-9583-118107D833F0}.Debug|Any CPU.Build.0 = debug|Any CPU
		{7F16C51D-12D0-488B-9583-118107D833F0}.Debug|x86.ActiveCfg = debug|Any CPU
		{7F16C51D-12D0-488B-9583-118107D833F0}.Debug|x86.Build.0 = debug|Any CPU
		{7F16C51D-12D0-488B-9583-118107D833F0}.Release|amd64.ActiveCfg = release|amd64
		{7F16C51D-12D0-488B-9583-118107D833F0}.Release|amd64.Build.0 = release|amd64
		{7F16C51D-12D0-488B-9583-118107D833F0}.Release|Any CPU.ActiveCfg = release|Any CPU
		{7F16C51D-12D0-488B-9583-118107D833F0}.Release|Any CPU.Build.0 = release|Any CPU
		{7F16C51D-12D0-488B-9583-118107D833F0}.Release|x86.ActiveCfg = release|Any CPU
		{7F16C51D-12D0-488B-9583-118107D833F0}.Release|x86.Build.0 = release|Any CPU
		{7F16C51D-12D0-488B-9583-118107D833F0}.retail|amd64.ActiveCfg = retail|amd64
		{7F16C51D-12D0-488B-9583-118107D833F0}.retail|amd64.Build.0 = retail|amd64
		{7F16C51D-12D0-488B-9583-118107D833F0}.retail|Any CPU.ActiveCfg = retail|Any CPU
		{7F16C51D-12D0-488B-9583-118107D833F0}.retail|Any CPU.Build.0 = retail|Any CPU
		{7F16C51D-12D0-488B-9583-118107D833F0}.retail|x86.ActiveCfg = retail|Any CPU
		{7F16C51D-12D0-488B-9583-118107D833F0}.retail|x86.Build.0 = retail|Any CPU
		{3C4F5B1D-E2D0-47BD-8228-5A25AE6A940A}.Debug|amd64.ActiveCfg = debug|Any CPU
		{3C4F5B1D-E2D0-47BD-8228-5A25AE6A940A}.Debug|amd64.Build.0 = debug|Any CPU
		{3C4F5B1D-E2D0-47BD-8228-5A25AE6A940A}.Debug|amd64.Deploy.0 = debug|Any CPU
		{3C4F5B1D-E2D0-47BD-8228-5A25AE6A940A}.Debug|Any CPU.ActiveCfg = debug|Any CPU
		{3C4F5B1D-E2D0-47BD-8228-5A25AE6A940A}.Debug|Any CPU.Build.0 = debug|Any CPU
		{3C4F5B1D-E2D0-47BD-8228-5A25AE6A940A}.Debug|Any CPU.Deploy.0 = debug|Any CPU
		{3C4F5B1D-E2D0-47BD-8228-5A25AE6A940A}.Debug|x86.ActiveCfg = debug|Any CPU
		{3C4F5B1D-E2D0-47BD-8228-5A25AE6A940A}.Debug|x86.Build.0 = debug|Any CPU
		{3C4F5B1D-E2D0-47BD-8228-5A25AE6A940A}.Debug|x86.Deploy.0 = debug|Any CPU
		{3C4F5B1D-E2D0-47BD-8228-5A25AE6A940A}.Release|amd64.ActiveCfg = release|Any CPU
		{3C4F5B1D-E2D0-47BD-8228-5A25AE6A940A}.Release|amd64.Build.0 = release|Any CPU
		{3C4F5B1D-E2D0-47BD-8228-5A25AE6A940A}.Release|amd64.Deploy.0 = release|Any CPU
		{3C4F5B1D-E2D0-47BD-8228-5A25AE6A940A}.Release|Any CPU.ActiveCfg = release|Any CPU
		{3C4F5B1D-E2D0-47BD-8228-5A25AE6A940A}.Release|Any CPU.Build.0 = release|Any CPU
		{3C4F5B1D-E2D0-47BD-8228-5A25AE6A940A}.Release|Any CPU.Deploy.0 = release|Any CPU
		{3C4F5B1D-E2D0-47BD-8228-5A25AE6A940A}.Release|x86.ActiveCfg = release|Any CPU
		{3C4F5B1D-E2D0-47BD-8228-5A25AE6A940A}.Release|x86.Build.0 = release|Any CPU
		{3C4F5B1D-E2D0-47BD-8228-5A25AE6A940A}.Release|x86.Deploy.0 = release|Any CPU
		{3C4F5B1D-E2D0-47BD-8228-5A25AE6A940A}.retail|amd64.ActiveCfg = retail|Any CPU
		{3C4F5B1D-E2D0-47BD-8228-5A25AE6A940A}.retail|amd64.Build.0 = retail|Any CPU
		{3C4F5B1D-E2D0-47BD-8228-5A25AE6A940A}.retail|amd64.Deploy.0 = retail|Any CPU
		{3C4F5B1D-E2D0-47BD-8228-5A25AE6A940A}.retail|Any CPU.ActiveCfg = retail|Any CPU
		{3C4F5B1D-E2D0-47BD-8228-5A25AE6A940A}.retail|Any CPU.Build.0 = retail|Any CPU
		{3C4F5B1D-E2D0-47BD-8228-5A25AE6A940A}.retail|Any CPU.Deploy.0 = retail|Any CPU
		{3C4F5B1D-E2D0-47BD-8228-5A25AE6A940A}.retail|x86.ActiveCfg = retail|Any CPU
		{3C4F5B1D-E2D0-47BD-8228-5A25AE6A940A}.retail|x86.Build.0 = retail|Any CPU
		{3C4F5B1D-E2D0-47BD-8228-5A25AE6A940A}.retail|x86.Deploy.0 = retail|Any CPU
		{7A1500DA-8B09-4DC9-9883-D78AA37C5C2E}.Debug|amd64.ActiveCfg = debug|amd64
		{7A1500DA-8B09-4DC9-9883-D78AA37C5C2E}.Debug|amd64.Build.0 = debug|amd64
		{7A1500DA-8B09-4DC9-9883-D78AA37C5C2E}.Debug|Any CPU.ActiveCfg = debug|Any CPU
		{7A1500DA-8B09-4DC9-9883-D78AA37C5C2E}.Debug|Any CPU.Build.0 = debug|Any CPU
		{7A1500DA-8B09-4DC9-9883-D78AA37C5C2E}.Debug|x86.ActiveCfg = debug|Any CPU
		{7A1500DA-8B09-4DC9-9883-D78AA37C5C2E}.Debug|x86.Build.0 = debug|Any CPU
		{7A1500DA-8B09-4DC9-9883-D78AA37C5C2E}.Release|amd64.ActiveCfg = release|amd64
		{7A1500DA-8B09-4DC9-9883-D78AA37C5C2E}.Release|amd64.Build.0 = release|amd64
		{7A1500DA-8B09-4DC9-9883-D78AA37C5C2E}.Release|Any CPU.ActiveCfg = release|Any CPU
		{7A1500DA-8B09-4DC9-9883-D78AA37C5C2E}.Release|Any CPU.Build.0 = release|Any CPU
		{7A1500DA-8B09-4DC9-9883-D78AA37C5C2E}.Release|x86.ActiveCfg = release|Any CPU
		{7A1500DA-8B09-4DC9-9883-D78AA37C5C2E}.Release|x86.Build.0 = release|Any CPU
		{7A1500DA-8B09-4DC9-9883-D78AA37C5C2E}.retail|amd64.ActiveCfg = retail|amd64
		{7A1500DA-8B09-4DC9-9883-D78AA37C5C2E}.retail|amd64.Build.0 = retail|amd64
		{7A1500DA-8B09-4DC9-9883-D78AA37C5C2E}.retail|Any CPU.ActiveCfg = retail|Any CPU
		{7A1500DA-8B09-4DC9-9883-D78AA37C5C2E}.retail|Any CPU.Build.0 = retail|Any CPU
		{7A1500DA-8B09-4DC9-9883-D78AA37C5C2E}.retail|x86.ActiveCfg = retail|Any CPU
		{7A1500DA-8B09-4DC9-9883-D78AA37C5C2E}.retail|x86.Build.0 = retail|Any CPU
		{6F82FCF7-B961-4D6E-A719-3B14EF99DD66}.Debug|amd64.ActiveCfg = Debug|Any CPU
		{6F82FCF7-B961-4D6E-A719-3B14EF99DD66}.Debug|amd64.Build.0 = Debug|Any CPU
		{6F82FCF7-B961-4D6E-A719-3B14EF99DD66}.Debug|Any CPU.ActiveCfg = Debug|Any CPU
		{6F82FCF7-B961-4D6E-A719-3B14EF99DD66}.Debug|Any CPU.Build.0 = Debug|Any CPU
		{6F82FCF7-B961-4D6E-A719-3B14EF99DD66}.Debug|x86.ActiveCfg = Debug|Any CPU
		{6F82FCF7-B961-4D6E-A719-3B14EF99DD66}.Debug|x86.Build.0 = Debug|Any CPU
		{6F82FCF7-B961-4D6E-A719-3B14EF99DD66}.Release|amd64.ActiveCfg = Debug|Any CPU
		{6F82FCF7-B961-4D6E-A719-3B14EF99DD66}.Release|amd64.Build.0 = Debug|Any CPU
		{6F82FCF7-B961-4D6E-A719-3B14EF99DD66}.Release|Any CPU.ActiveCfg = Debug|Any CPU
		{6F82FCF7-B961-4D6E-A719-3B14EF99DD66}.Release|Any CPU.Build.0 = Debug|Any CPU
		{6F82FCF7-B961-4D6E-A719-3B14EF99DD66}.Release|x86.ActiveCfg = Debug|Any CPU
		{6F82FCF7-B961-4D6E-A719-3B14EF99DD66}.Release|x86.Build.0 = Debug|Any CPU
		{6F82FCF7-B961-4D6E-A719-3B14EF99DD66}.retail|amd64.ActiveCfg = Debug|Any CPU
		{6F82FCF7-B961-4D6E-A719-3B14EF99DD66}.retail|amd64.Build.0 = Debug|Any CPU
		{6F82FCF7-B961-4D6E-A719-3B14EF99DD66}.retail|Any CPU.ActiveCfg = Debug|Any CPU
		{6F82FCF7-B961-4D6E-A719-3B14EF99DD66}.retail|Any CPU.Build.0 = Debug|Any CPU
		{6F82FCF7-B961-4D6E-A719-3B14EF99DD66}.retail|x86.ActiveCfg = Debug|Any CPU
		{6F82FCF7-B961-4D6E-A719-3B14EF99DD66}.retail|x86.Build.0 = Debug|Any CPU
	EndGlobalSection
	GlobalSection(SolutionProperties) = preSolution
		HideSolutionNode = FALSE
	EndGlobalSection
	GlobalSection(NestedProjects) = preSolution
		{2BD3D01E-7168-40A9-AAF1-55510D391484} = {5B294C28-E4B8-431B-B7E0-A21B5074D0E2}
		{7F16C51D-12D0-488B-9583-118107D833F0} = {BF36E48B-F33D-4BAB-8B8B-641DE71822B2}
		{3C4F5B1D-E2D0-47BD-8228-5A25AE6A940A} = {BF36E48B-F33D-4BAB-8B8B-641DE71822B2}
		{657E16A1-A970-4483-A2CF-8F9B718DC7A0} = {5B294C28-E4B8-431B-B7E0-A21B5074D0E2}
		{7A1500DA-8B09-4DC9-9883-D78AA37C5C2E} = {657E16A1-A970-4483-A2CF-8F9B718DC7A0}
		{6F82FCF7-B961-4D6E-A719-3B14EF99DD66} = {657E16A1-A970-4483-A2CF-8F9B718DC7A0}
	EndGlobalSection
	GlobalSection(ExtensibilityGlobals) = postSolution
		SolutionGuid = {FF3C2E0F-CFAA-48C8-8CF3-76D4BF2C5421}
	EndGlobalSection
	GlobalSection(CRMSolutionProperties) = preSolution
		SolutionIsBoundToCRM = True
	EndGlobalSection
EndGlobal
